
Microsoft Visual Studio Solution File, Format Version 12.00
# Visual Studio 15
VisualStudioVersion = 15.0.27130.2027
MinimumVisualStudioVersion = 10.0.40219.1
Project("{FAE04EC0-301F-11D3-BF4B-00C04F79EFBC}") = "GBImageConverter", "GBImageConverter\GBImageConverter.csproj", "{2B5263F7-80C0-45CC-94F9-5D18164F6A11}"
EndProject
Project("{FAE04EC0-301F-11D3-BF4B-00C04F79EFBC}") = "GBImageConvertGUI", "GBImageConvertGUI\GBImageConvertGUI.csproj", "{9C71F197-14D3-4553-A528-9149E7A73ABB}"
EndProject
Global
	GlobalSection(SolutionConfigurationPlatforms) = preSolution
		Debug|Any CPU = Debug|Any CPU
		Debug|x86 = Debug|x86
		Release|Any CPU = Release|Any CPU
		Release|x86 = Release|x86
	EndGlobalSection
	GlobalSection(ProjectConfigurationPlatforms) = postSolution
		{2B5263F7-80C0-45CC-94F9-5D18164F6A11}.Debug|Any CPU.ActiveCfg = Debug|Any CPU
		{2B5263F7-80C0-45CC-94F9-5D18164F6A11}.Debug|Any CPU.Build.0 = Debug|Any CPU
		{2B5263F7-80C0-45CC-94F9-5D18164F6A11}.Debug|x86.ActiveCfg = Debug|Any CPU
		{2B5263F7-80C0-45CC-94F9-5D18164F6A11}.Debug|x86.Build.0 = Debug|Any CPU
		{2B5263F7-80C0-45CC-94F9-5D18164F6A11}.Release|Any CPU.ActiveCfg = Release|Any CPU
		{2B5263F7-80C0-45CC-94F9-5D18164F6A11}.Release|Any CPU.Build.0 = Release|Any CPU
		{2B5263F7-80C0-45CC-94F9-5D18164F6A11}.Release|x86.ActiveCfg = Release|Any CPU
		{2B5263F7-80C0-45CC-94F9-5D18164F6A11}.Release|x86.Build.0 = Release|Any CPU
		{9C71F197-14D3-4553-A528-9149E7A73ABB}.Debug|Any CPU.ActiveCfg = Debug|Any CPU
		{9C71F197-14D3-4553-A528-9149E7A73ABB}.Debug|Any CPU.Build.0 = Debug|Any CPU
		{9C71F197-14D3-4553-A528-9149E7A73ABB}.Debug|x86.ActiveCfg = Debug|x86
		{9C71F197-14D3-4553-A528-9149E7A73ABB}.Debug|x86.Build.0 = Debug|x86
		{9C71F197-14D3-4553-A528-9149E7A73ABB}.Release|Any CPU.ActiveCfg = Release|Any CPU
		{9C71F197-14D3-4553-A528-9149E7A73ABB}.Release|Any CPU.Build.0 = Release|Any CPU
		{9C71F197-14D3-4553-A528-9149E7A73ABB}.Release|x86.ActiveCfg = Release|x86
		{9C71F197-14D3-4553-A528-9149E7A73ABB}.Release|x86.Build.0 = Release|x86
	EndGlobalSection
	GlobalSection(SolutionProperties) = preSolution
		HideSolutionNode = FALSE
	EndGlobalSection
	GlobalSection(ExtensibilityGlobals) = postSolution
		SolutionGuid = {7495C90A-4454-4A03-9C96-C5ADE91AEAF2}
	EndGlobalSection
EndGlobal
